
Microsoft Visual Studio Solution File, Format Version 12.00
# Visual Studio Version 17
VisualStudioVersion = 17.0.31903.59
MinimumVisualStudioVersion = 10.0.40219.1
Project("{2150E333-8FDC-42A3-9474-1A3956D46DE8}") = "src", "src", "{827E0CD3-B72D-47B6-A68D-7590B98EB39B}"
EndProject
Project("{FAE04EC0-301F-11D3-BF4B-00C04F79EFBC}") = "XGArcade.Core", "src\XGArcade.Core\XGArcade.Core.csproj", "{059CE02A-BE3D-43BA-B750-C0AC2B8A215A}"
EndProject
Project("{FAE04EC0-301F-11D3-BF4B-00C04F79EFBC}") = "XGArcade.Games.XGGrid", "src\XGArcade.Games.XGGrid\XGArcade.Games.XGGrid.csproj", "{09DBC9DB-9834-423E-A006-98CB45C7FAB6}"
EndProject
Project("{FAE04EC0-301F-11D3-BF4B-00C04F79EFBC}") = "XGArcade.Data", "src\XGArcade.Data\XGArcade.Data.csproj", "{2749ADF9-656F-4DE1-AE52-7E4A16D2E746}"
EndProject
Project("{FAE04EC0-301F-11D3-BF4B-00C04F79EFBC}") = "XGArcade.DataSync", "src\XGArcade.DataSync\XGArcade.DataSync.csproj", "{18BBAE4E-B80E-48FB-8165-455E9B3A5546}"
EndProject
Project("{FAE04EC0-301F-11D3-BF4B-00C04F79EFBC}") = "XGArcade.Api", "src\XGArcade.Api\XGArcade.Api.csproj", "{93E180D3-3653-4354-9DC9-F1E3EFDADA04}"
EndProject
Project("{2150E333-8FDC-42A3-9474-1A3956D46DE8}") = "tests", "tests", "{0AB3BF05-4346-4AA6-1389-037BE0695223}"
EndProject
Project("{FAE04EC0-301F-11D3-BF4B-00C04F79EFBC}") = "XGArcade.Core.Tests", "tests\XGArcade.Core.Tests\XGArcade.Core.Tests.csproj", "{DE79FC38-51F2-4980-A4CF-7E65F92418F9}"
EndProject
Project("{FAE04EC0-301F-11D3-BF4B-00C04F79EFBC}") = "XGArcade.Games.XGGrid.Tests", "tests\XGArcade.Games.XGGrid.Tests\XGArcade.Games.XGGrid.Tests.csproj", "{D9E7C5D5-43FA-46C3-BC10-CEE1AD20E63B}"
EndProject
Project("{FAE04EC0-301F-11D3-BF4B-00C04F79EFBC}") = "XGArcade.Data.Tests", "tests\XGArcade.Data.Tests\XGArcade.Data.Tests.csproj", "{C25E4682-A38E-40F7-BD55-B94F97A99780}"
EndProject
Project("{FAE04EC0-301F-11D3-BF4B-00C04F79EFBC}") = "XGArcade.DataSync.Tests", "tests\XGArcade.DataSync.Tests\XGArcade.DataSync.Tests.csproj", "{59DE5063-6D5D-4324-8C78-533A0E19380F}"
EndProject
Project("{FAE04EC0-301F-11D3-BF4B-00C04F79EFBC}") = "XGArcade.Api.Tests", "tests\XGArcade.Api.Tests\XGArcade.Api.Tests.csproj", "{E0E8A21A-5A66-4E1F-A1DE-CCDCE031C38E}"
EndProject
Global
	GlobalSection(SolutionConfigurationPlatforms) = preSolution
		Debug|Any CPU = Debug|Any CPU
		Debug|x64 = Debug|x64
		Debug|x86 = Debug|x86
		Release|Any CPU = Release|Any CPU
		Release|x64 = Release|x64
		Release|x86 = Release|x86
	EndGlobalSection
	GlobalSection(ProjectConfigurationPlatforms) = postSolution
		{059CE02A-BE3D-43BA-B750-C0AC2B8A215A}.Debug|Any CPU.ActiveCfg = Debug|Any CPU
		{059CE02A-BE3D-43BA-B750-C0AC2B8A215A}.Debug|Any CPU.Build.0 = Debug|Any CPU
		{059CE02A-BE3D-43BA-B750-C0AC2B8A215A}.Debug|x64.ActiveCfg = Debug|Any CPU
		{059CE02A-BE3D-43BA-B750-C0AC2B8A215A}.Debug|x64.Build.0 = Debug|Any CPU
		{059CE02A-BE3D-43BA-B750-C0AC2B8A215A}.Debug|x86.ActiveCfg = Debug|Any CPU
		{059CE02A-BE3D-43BA-B750-C0AC2B8A215A}.Debug|x86.Build.0 = Debug|Any CPU
		{059CE02A-BE3D-43BA-B750-C0AC2B8A215A}.Release|Any CPU.ActiveCfg = Release|Any CPU
		{059CE02A-BE3D-43BA-B750-C0AC2B8A215A}.Release|Any CPU.Build.0 = Release|Any CPU
		{059CE02A-BE3D-43BA-B750-C0AC2B8A215A}.Release|x64.ActiveCfg = Release|Any CPU
		{059CE02A-BE3D-43BA-B750-C0AC2B8A215A}.Release|x64.Build.0 = Release|Any CPU
		{059CE02A-BE3D-43BA-B750-C0AC2B8A215A}.Release|x86.ActiveCfg = Release|Any CPU
		{059CE02A-BE3D-43BA-B750-C0AC2B8A215A}.Release|x86.Build.0 = Release|Any CPU
		{09DBC9DB-9834-423E-A006-98CB45C7FAB6}.Debug|Any CPU.ActiveCfg = Debug|Any CPU
		{09DBC9DB-9834-423E-A006-98CB45C7FAB6}.Debug|Any CPU.Build.0 = Debug|Any CPU
		{09DBC9DB-9834-423E-A006-98CB45C7FAB6}.Debug|x64.ActiveCfg = Debug|Any CPU
		{09DBC9DB-9834-423E-A006-98CB45C7FAB6}.Debug|x64.Build.0 = Debug|Any CPU
		{09DBC9DB-9834-423E-A006-98CB45C7FAB6}.Debug|x86.ActiveCfg = Debug|Any CPU
		{09DBC9DB-9834-423E-A006-98CB45C7FAB6}.Debug|x86.Build.0 = Debug|Any CPU
		{09DBC9DB-9834-423E-A006-98CB45C7FAB6}.Release|Any CPU.ActiveCfg = Release|Any CPU
		{09DBC9DB-9834-423E-A006-98CB45C7FAB6}.Release|Any CPU.Build.0 = Release|Any CPU
		{09DBC9DB-9834-423E-A006-98CB45C7FAB6}.Release|x64.ActiveCfg = Release|Any CPU
		{09DBC9DB-9834-423E-A006-98CB45C7FAB6}.Release|x64.Build.0 = Release|Any CPU
		{09DBC9DB-9834-423E-A006-98CB45C7FAB6}.Release|x86.ActiveCfg = Release|Any CPU
		{09DBC9DB-9834-423E-A006-98CB45C7FAB6}.Release|x86.Build.0 = Release|Any CPU
		{2749ADF9-656F-4DE1-AE52-7E4A16D2E746}.Debug|Any CPU.ActiveCfg = Debug|Any CPU
		{2749ADF9-656F-4DE1-AE52-7E4A16D2E746}.Debug|Any CPU.Build.0 = Debug|Any CPU
		{2749ADF9-656F-4DE1-AE52-7E4A16D2E746}.Debug|x64.ActiveCfg = Debug|Any CPU
		{2749ADF9-656F-4DE1-AE52-7E4A16D2E746}.Debug|x64.Build.0 = Debug|Any CPU
		{2749ADF9-656F-4DE1-AE52-7E4A16D2E746}.Debug|x86.ActiveCfg = Debug|Any CPU
		{2749ADF9-656F-4DE1-AE52-7E4A16D2E746}.Debug|x86.Build.0 = Debug|Any CPU
		{2749ADF9-656F-4DE1-AE52-7E4A16D2E746}.Release|Any CPU.ActiveCfg = Release|Any CPU
		{2749ADF9-656F-4DE1-AE52-7E4A16D2E746}.Release|Any CPU.Build.0 = Release|Any CPU
		{2749ADF9-656F-4DE1-AE52-7E4A16D2E746}.Release|x64.ActiveCfg = Release|Any CPU
		{2749ADF9-656F-4DE1-AE52-7E4A16D2E746}.Release|x64.Build.0 = Release|Any CPU
		{2749ADF9-656F-4DE1-AE52-7E4A16D2E746}.Release|x86.ActiveCfg = Release|Any CPU
		{2749ADF9-656F-4DE1-AE52-7E4A16D2E746}.Release|x86.Build.0 = Release|Any CPU
		{18BBAE4E-B80E-48FB-8165-455E9B3A5546}.Debug|Any CPU.ActiveCfg = Debug|Any CPU
		{18BBAE4E-B80E-48FB-8165-455E9B3A5546}.Debug|Any CPU.Build.0 = Debug|Any CPU
		{18BBAE4E-B80E-48FB-8165-455E9B3A5546}.Debug|x64.ActiveCfg = Debug|Any CPU
		{18BBAE4E-B80E-48FB-8165-455E9B3A5546}.Debug|x64.Build.0 = Debug|Any CPU
		{18BBAE4E-B80E-48FB-8165-455E9B3A5546}.Debug|x86.ActiveCfg = Debug|Any CPU
		{18BBAE4E-B80E-48FB-8165-455E9B3A5546}.Debug|x86.Build.0 = Debug|Any CPU
		{18BBAE4E-B80E-48FB-8165-455E9B3A5546}.Release|Any CPU.ActiveCfg = Release|Any CPU
		{18BBAE4E-B80E-48FB-8165-455E9B3A5546}.Release|Any CPU.Build.0 = Release|Any CPU
		{18BBAE4E-B80E-48FB-8165-455E9B3A5546}.Release|x64.ActiveCfg = Release|Any CPU
		{18BBAE4E-B80E-48FB-8165-455E9B3A5546}.Release|x64.Build.0 = Release|Any CPU
		{18BBAE4E-B80E-48FB-8165-455E9B3A5546}.Release|x86.ActiveCfg = Release|Any CPU
		{18BBAE4E-B80E-48FB-8165-455E9B3A5546}.Release|x86.Build.0 = Release|Any CPU
		{93E180D3-3653-4354-9DC9-F1E3EFDADA04}.Debug|Any CPU.ActiveCfg = Debug|Any CPU
		{93E180D3-3653-4354-9DC9-F1E3EFDADA04}.Debug|Any CPU.Build.0 = Debug|Any CPU
		{93E180D3-3653-4354-9DC9-F1E3EFDADA04}.Debug|x64.ActiveCfg = Debug|Any CPU
		{93E180D3-3653-4354-9DC9-F1E3EFDADA04}.Debug|x64.Build.0 = Debug|Any CPU
		{93E180D3-3653-4354-9DC9-F1E3EFDADA04}.Debug|x86.ActiveCfg = Debug|Any CPU
		{93E180D3-3653-4354-9DC9-F1E3EFDADA04}.Debug|x86.Build.0 = Debug|Any CPU
		{93E180D3-3653-4354-9DC9-F1E3EFDADA04}.Release|Any CPU.ActiveCfg = Release|Any CPU
		{93E180D3-3653-4354-9DC9-F1E3EFDADA04}.Release|Any CPU.Build.0 = Release|Any CPU
		{93E180D3-3653-4354-9DC9-F1E3EFDADA04}.Release|x64.ActiveCfg = Release|Any CPU
		{93E180D3-3653-4354-9DC9-F1E3EFDADA04}.Release|x64.Build.0 = Release|Any CPU
		{93E180D3-3653-4354-9DC9-F1E3EFDADA04}.Release|x86.ActiveCfg = Release|Any CPU
		{93E180D3-3653-4354-9DC9-F1E3EFDADA04}.Release|x86.Build.0 = Release|Any CPU
		{DE79FC38-51F2-4980-A4CF-7E65F92418F9}.Debug|Any CPU.ActiveCfg = Debug|Any CPU
		{DE79FC38-51F2-4980-A4CF-7E65F92418F9}.Debug|Any CPU.Build.0 = Debug|Any CPU
		{DE79FC38-51F2-4980-A4CF-7E65F92418F9}.Debug|x64.ActiveCfg = Debug|Any CPU
		{DE79FC38-51F2-4980-A4CF-7E65F92418F9}.Debug|x64.Build.0 = Debug|Any CPU
		{DE79FC38-51F2-4980-A4CF-7E65F92418F9}.Debug|x86.ActiveCfg = Debug|Any CPU
		{DE79FC38-51F2-4980-A4CF-7E65F92418F9}.Debug|x86.Build.0 = Debug|Any CPU
		{DE79FC38-51F2-4980-A4CF-7E65F92418F9}.Release|Any CPU.ActiveCfg = Release|Any CPU
		{DE79FC38-51F2-4980-A4CF-7E65F92418F9}.Release|Any CPU.Build.0 = Release|Any CPU
		{DE79FC38-51F2-4980-A4CF-7E65F92418F9}.Release|x64.ActiveCfg = Release|Any CPU
		{DE79FC38-51F2-4980-A4CF-7E65F92418F9}.Release|x64.Build.0 = Release|Any CPU
		{DE79FC38-51F2-4980-A4CF-7E65F92418F9}.Release|x86.ActiveCfg = Release|Any CPU
		{DE79FC38-51F2-4980-A4CF-7E65F92418F9}.Release|x86.Build.0 = Release|Any CPU
		{D9E7C5D5-43FA-46C3-BC10-CEE1AD20E63B}.Debug|Any CPU.ActiveCfg = Debug|Any CPU
		{D9E7C5D5-43FA-46C3-BC10-CEE1AD20E63B}.Debug|Any CPU.Build.0 = Debug|Any CPU
		{D9E7C5D5-43FA-46C3-BC10-CEE1AD20E63B}.Debug|x64.ActiveCfg = Debug|Any CPU
		{D9E7C5D5-43FA-46C3-BC10-CEE1AD20E63B}.Debug|x64.Build.0 = Debug|Any CPU
		{D9E7C5D5-43FA-46C3-BC10-CEE1AD20E63B}.Debug|x86.ActiveCfg = Debug|Any CPU
		{D9E7C5D5-43FA-46C3-BC10-CEE1AD20E63B}.Debug|x86.Build.0 = Debug|Any CPU
		{D9E7C5D5-43FA-46C3-BC10-CEE1AD20E63B}.Release|Any CPU.ActiveCfg = Release|Any CPU
		{D9E7C5D5-43FA-46C3-BC10-CEE1AD20E63B}.Release|Any CPU.Build.0 = Release|Any CPU
		{D9E7C5D5-43FA-46C3-BC10-CEE1AD20E63B}.Release|x64.ActiveCfg = Release|Any CPU
		{D9E7C5D5-43FA-46C3-BC10-CEE1AD20E63B}.Release|x64.Build.0 = Release|Any CPU
		{D9E7C5D5-43FA-46C3-BC10-CEE1AD20E63B}.Release|x86.ActiveCfg = Release|Any CPU
		{D9E7C5D5-43FA-46C3-BC10-CEE1AD20E63B}.Release|x86.Build.0 = Release|Any CPU
		{C25E4682-A38E-40F7-BD55-B94F97A99780}.Debug|Any CPU.ActiveCfg = Debug|Any CPU
		{C25E4682-A38E-40F7-BD55-B94F97A99780}.Debug|Any CPU.Build.0 = Debug|Any CPU
		{C25E4682-A38E-40F7-BD55-B94F97A99780}.Debug|x64.ActiveCfg = Debug|Any CPU
		{C25E4682-A38E-40F7-BD55-B94F97A99780}.Debug|x64.Build.0 = Debug|Any CPU
		{C25E4682-A38E-40F7-BD55-B94F97A99780}.Debug|x86.ActiveCfg = Debug|Any CPU
		{C25E4682-A38E-40F7-BD55-B94F97A99780}.Debug|x86.Build.0 = Debug|Any CPU
		{C25E4682-A38E-40F7-BD55-B94F97A99780}.Release|Any CPU.ActiveCfg = Release|Any CPU
		{C25E4682-A38E-40F7-BD55-B94F97A99780}.Release|Any CPU.Build.0 = Release|Any CPU
		{C25E4682-A38E-40F7-BD55-B94F97A99780}.Release|x64.ActiveCfg = Release|Any CPU
		{C25E4682-A38E-40F7-BD55-B94F97A99780}.Release|x64.Build.0 = Release|Any CPU
		{C25E4682-A38E-40F7-BD55-B94F97A99780}.Release|x86.ActiveCfg = Release|Any CPU
		{C25E4682-A38E-40F7-BD55-B94F97A99780}.Release|x86.Build.0 = Release|Any CPU
		{59DE5063-6D5D-4324-8C78-533A0E19380F}.Debug|Any CPU.ActiveCfg = Debug|Any CPU
		{59DE5063-6D5D-4324-8C78-533A0E19380F}.Debug|Any CPU.Build.0 = Debug|Any CPU
		{59DE5063-6D5D-4324-8C78-533A0E19380F}.Debug|x64.ActiveCfg = Debug|Any CPU
		{59DE5063-6D5D-4324-8C78-533A0E19380F}.Debug|x64.Build.0 = Debug|Any CPU
		{59DE5063-6D5D-4324-8C78-533A0E19380F}.Debug|x86.ActiveCfg = Debug|Any CPU
		{59DE5063-6D5D-4324-8C78-533A0E19380F}.Debug|x86.Build.0 = Debug|Any CPU
		{59DE5063-6D5D-4324-8C78-533A0E19380F}.Release|Any CPU.ActiveCfg = Release|Any CPU
		{59DE5063-6D5D-4324-8C78-533A0E19380F}.Release|Any CPU.Build.0 = Release|Any CPU
		{59DE5063-6D5D-4324-8C78-533A0E19380F}.Release|x64.ActiveCfg = Release|Any CPU
		{59DE5063-6D5D-4324-8C78-533A0E19380F}.Release|x64.Build.0 = Release|Any CPU
		{59DE5063-6D5D-4324-8C78-533A0E19380F}.Release|x86.ActiveCfg = Release|Any CPU
		{59DE5063-6D5D-4324-8C78-533A0E19380F}.Release|x86.Build.0 = Release|Any CPU
		{E0E8A21A-5A66-4E1F-A1DE-CCDCE031C38E}.Debug|Any CPU.ActiveCfg = Debug|Any CPU
		{E0E8A21A-5A66-4E1F-A1DE-CCDCE031C38E}.Debug|Any CPU.Build.0 = Debug|Any CPU
		{E0E8A21A-5A66-4E1F-A1DE-CCDCE031C38E}.Debug|x64.ActiveCfg = Debug|Any CPU
		{E0E8A21A-5A66-4E1F-A1DE-CCDCE031C38E}.Debug|x64.Build.0 = Debug|Any CPU
		{E0E8A21A-5A66-4E1F-A1DE-CCDCE031C38E}.Debug|x86.ActiveCfg = Debug|Any CPU
		{E0E8A21A-5A66-4E1F-A1DE-CCDCE031C38E}.Debug|x86.Build.0 = Debug|Any CPU
		{E0E8A21A-5A66-4E1F-A1DE-CCDCE031C38E}.Release|Any CPU.ActiveCfg = Release|Any CPU
		{E0E8A21A-5A66-4E1F-A1DE-CCDCE031C38E}.Release|Any CPU.Build.0 = Release|Any CPU
		{E0E8A21A-5A66-4E1F-A1DE-CCDCE031C38E}.Release|x64.ActiveCfg = Release|Any CPU
		{E0E8A21A-5A66-4E1F-A1DE-CCDCE031C38E}.Release|x64.Build.0 = Release|Any CPU
		{E0E8A21A-5A66-4E1F-A1DE-CCDCE031C38E}.Release|x86.ActiveCfg = Release|Any CPU
		{E0E8A21A-5A66-4E1F-A1DE-CCDCE031C38E}.Release|x86.Build.0 = Release|Any CPU
	EndGlobalSection
	GlobalSection(SolutionProperties) = preSolution
		HideSolutionNode = FALSE
	EndGlobalSection
	GlobalSection(NestedProjects) = preSolution
		{059CE02A-BE3D-43BA-B750-C0AC2B8A215A} = {827E0CD3-B72D-47B6-A68D-7590B98EB39B}
		{09DBC9DB-9834-423E-A006-98CB45C7FAB6} = {827E0CD3-B72D-47B6-A68D-7590B98EB39B}
		{2749ADF9-656F-4DE1-AE52-7E4A16D2E746} = {827E0CD3-B72D-47B6-A68D-7590B98EB39B}
		{18BBAE4E-B80E-48FB-8165-455E9B3A5546} = {827E0CD3-B72D-47B6-A68D-7590B98EB39B}
		{93E180D3-3653-4354-9DC9-F1E3EFDADA04} = {827E0CD3-B72D-47B6-A68D-7590B98EB39B}
		{DE79FC38-51F2-4980-A4CF-7E65F92418F9} = {0AB3BF05-4346-4AA6-1389-037BE0695223}
		{D9E7C5D5-43FA-46C3-BC10-CEE1AD20E63B} = {0AB3BF05-4346-4AA6-1389-037BE0695223}
		{C25E4682-A38E-40F7-BD55-B94F97A99780} = {0AB3BF05-4346-4AA6-1389-037BE0695223}
		{59DE5063-6D5D-4324-8C78-533A0E19380F} = {0AB3BF05-4346-4AA6-1389-037BE0695223}
		{E0E8A21A-5A66-4E1F-A1DE-CCDCE031C38E} = {0AB3BF05-4346-4AA6-1389-037BE0695223}
	EndGlobalSection
EndGlobal
